
Microsoft Visual Studio Solution File, Format Version 12.00
# Visual Studio Version 17
VisualStudioVersion = 17.13.35818.85 d17.13
MinimumVisualStudioVersion = 10.0.40219.1
Project("{FAE04EC0-301F-11D3-BF4B-00C04F79EFBC}") = "Lista-16", "Lista-16\Lista-16.csproj", "{ACEFD00F-32E6-432C-A758-BEB59401381C}"
EndProject
Global
	GlobalSection(SolutionConfigurationPlatforms) = preSolution
		Debug|Any CPU = Debug|Any CPU
		Release|Any CPU = Release|Any CPU
	EndGlobalSection
	GlobalSection(ProjectConfigurationPlatforms) = postSolution
		{ACEFD00F-32E6-432C-A758-BEB59401381C}.Debug|Any CPU.ActiveCfg = Debug|Any CPU
		{ACEFD00F-32E6-432C-A758-BEB59401381C}.Debug|Any CPU.Build.0 = Debug|Any CPU
		{ACEFD00F-32E6-432C-A758-BEB59401381C}.Release|Any CPU.ActiveCfg = Release|Any CPU
		{ACEFD00F-32E6-432C-A758-BEB59401381C}.Release|Any CPU.Build.0 = Release|Any CPU
	EndGlobalSection
	GlobalSection(SolutionProperties) = preSolution
		HideSolutionNode = FALSE
	EndGlobalSection
	GlobalSection(ExtensibilityGlobals) = postSolution
		SolutionGuid = {5EB62B78-A2E5-450E-B593-1AD064D838B3}
	EndGlobalSection
EndGlobal
